
Microsoft Visual Studio Solution File, Format Version 12.00
# Visual Studio Version 17
VisualStudioVersion = 17.4.33213.308
MinimumVisualStudioVersion = 10.0.40219.1
Project("{9A19103F-16F7-4668-BE54-9A1E7A4F7556}") = "AM.ApplicationCore", "AM.ApplicationCore\AM.ApplicationCore.csproj", "{0DA6B0E1-55AE-4B8E-A490-E019769DE041}"
EndProject
Project("{FAE04EC0-301F-11D3-BF4B-00C04F79EFBC}") = "AM.UI.Console", "AM.UI.Console\AM.UI.Console.csproj", "{2F255271-E216-4C08-9E41-AA0312C54C9A}"
EndProject
Global
	GlobalSection(SolutionConfigurationPlatforms) = preSolution
		Debug|Any CPU = Debug|Any CPU
		Release|Any CPU = Release|Any CPU
	EndGlobalSection
	GlobalSection(ProjectConfigurationPlatforms) = postSolution
		{0DA6B0E1-55AE-4B8E-A490-E019769DE041}.Debug|Any CPU.ActiveCfg = Debug|Any CPU
		{0DA6B0E1-55AE-4B8E-A490-E019769DE041}.Debug|Any CPU.Build.0 = Debug|Any CPU
		{0DA6B0E1-55AE-4B8E-A490-E019769DE041}.Release|Any CPU.ActiveCfg = Release|Any CPU
		{0DA6B0E1-55AE-4B8E-A490-E019769DE041}.Release|Any CPU.Build.0 = Release|Any CPU
		{2F255271-E216-4C08-9E41-AA0312C54C9A}.Debug|Any CPU.ActiveCfg = Debug|Any CPU
		{2F255271-E216-4C08-9E41-AA0312C54C9A}.Debug|Any CPU.Build.0 = Debug|Any CPU
		{2F255271-E216-4C08-9E41-AA0312C54C9A}.Release|Any CPU.ActiveCfg = Release|Any CPU
		{2F255271-E216-4C08-9E41-AA0312C54C9A}.Release|Any CPU.Build.0 = Release|Any CPU
	EndGlobalSection
	GlobalSection(SolutionProperties) = preSolution
		HideSolutionNode = FALSE
	EndGlobalSection
	GlobalSection(ExtensibilityGlobals) = postSolution
		SolutionGuid = {59097650-8FB6-48EB-BAE5-045494FCE882}
	EndGlobalSection
EndGlobal
